
Microsoft Visual Studio Solution File, Format Version 12.00
# Visual Studio Version 17
VisualStudioVersion = 17.14.36414.22 d17.14
MinimumVisualStudioVersion = 10.0.40219.1
Project("{FAE04EC0-301F-11D3-BF4B-00C04F79EFBC}") = "Pet Adoption and Shelter Management System", "Pet Adoption and Shelter Management System.csproj", "{BDE2D8D8-23E2-94EE-68BD-B7CE204EEBCD}"
EndProject
Global
	GlobalSection(SolutionConfigurationPlatforms) = preSolution
		Debug|Any CPU = Debug|Any CPU
		Release|Any CPU = Release|Any CPU
	EndGlobalSection
	GlobalSection(ProjectConfigurationPlatforms) = postSolution
		{BDE2D8D8-23E2-94EE-68BD-B7CE204EEBCD}.Debug|Any CPU.ActiveCfg = Debug|Any CPU
		{BDE2D8D8-23E2-94EE-68BD-B7CE204EEBCD}.Debug|Any CPU.Build.0 = Debug|Any CPU
		{BDE2D8D8-23E2-94EE-68BD-B7CE204EEBCD}.Release|Any CPU.ActiveCfg = Release|Any CPU
		{BDE2D8D8-23E2-94EE-68BD-B7CE204EEBCD}.Release|Any CPU.Build.0 = Release|Any CPU
	EndGlobalSection
	GlobalSection(SolutionProperties) = preSolution
		HideSolutionNode = FALSE
	EndGlobalSection
	GlobalSection(ExtensibilityGlobals) = postSolution
		SolutionGuid = {80724B14-8C96-4225-9A75-87097017643E}
	EndGlobalSection
EndGlobal
